// !$*UTF8*$!
{
	archiveVersion = 1;
	classes = {
	};
	objectVersion = 55;
	objects = {

/* Begin PBXBuildFile section */
		52F4A72D298332FA003E51F0 /* AlbertsonProjectApp.swift in Sources */ = {isa = PBXBuildFile; fileRef = 52F4A72C298332FA003E51F0 /* AlbertsonProjectApp.swift */; };
		52F4A72F298332FA003E51F0 /* ContentView.swift in Sources */ = {isa = PBXBuildFile; fileRef = 52F4A72E298332FA003E51F0 /* ContentView.swift */; };
		52F4A731298332FD003E51F0 /* Assets.xcassets in Resources */ = {isa = PBXBuildFile; fileRef = 52F4A730298332FD003E51F0 /* Assets.xcassets */; };
		52F4A734298332FD003E51F0 /* Preview Assets.xcassets in Resources */ = {isa = PBXBuildFile; fileRef = 52F4A733298332FD003E51F0 /* Preview Assets.xcassets */; };
		52F4A73B2983334C003E51F0 /* AlbertsonViewModel.swift in Sources */ = {isa = PBXBuildFile; fileRef = 52F4A73A2983334C003E51F0 /* AlbertsonViewModel.swift */; };
		52F4A73D29833367003E51F0 /* AlbertsonsModel.swift in Sources */ = {isa = PBXBuildFile; fileRef = 52F4A73C29833367003E51F0 /* AlbertsonsModel.swift */; };
		52F4A73F29833384003E51F0 /* NetworkLayer.swift in Sources */ = {isa = PBXBuildFile; fileRef = 52F4A73E29833384003E51F0 /* NetworkLayer.swift */; };
		52F4A741298333A8003E51F0 /* Constants.swift in Sources */ = {isa = PBXBuildFile; fileRef = 52F4A740298333A8003E51F0 /* Constants.swift */; };
		52F4A749298333C7003E51F0 /* AlbertsonProjectTests.swift in Sources */ = {isa = PBXBuildFile; fileRef = 52F4A748298333C7003E51F0 /* AlbertsonProjectTests.swift */; };
		52F4A750298333E4003E51F0 /* AlbertsonsViewModelTest.swift in Sources */ = {isa = PBXBuildFile; fileRef = 52F4A74F298333E4003E51F0 /* AlbertsonsViewModelTest.swift */; };
		52F4A7522983340B003E51F0 /* MockNetworkLayer.swift in Sources */ = {isa = PBXBuildFile; fileRef = 52F4A7512983340B003E51F0 /* MockNetworkLayer.swift */; };
		52F4A75429833440003E51F0 /* MockSession.swift in Sources */ = {isa = PBXBuildFile; fileRef = 52F4A75329833440003E51F0 /* MockSession.swift */; };
		52F4A7562983345F003E51F0 /* NetworkLayerTests.swift in Sources */ = {isa = PBXBuildFile; fileRef = 52F4A7552983345F003E51F0 /* NetworkLayerTests.swift */; };
/* End PBXBuildFile section */

/* Begin PBXContainerItemProxy section */
		52F4A74A298333C7003E51F0 /* PBXContainerItemProxy */ = {
			isa = PBXContainerItemProxy;
			containerPortal = 52F4A721298332FA003E51F0 /* Project object */;
			proxyType = 1;
			remoteGlobalIDString = 52F4A728298332FA003E51F0;
			remoteInfo = AlbertsonProject;
		};
/* End PBXContainerItemProxy section */

/* Begin PBXFileReference section */
		52F4A729298332FA003E51F0 /* AlbertsonProject.app */ = {isa = PBXFileReference; explicitFileType = wrapper.application; includeInIndex = 0; path = AlbertsonProject.app; sourceTree = BUILT_PRODUCTS_DIR; };
		52F4A72C298332FA003E51F0 /* AlbertsonProjectApp.swift */ = {isa = PBXFileReference; lastKnownFileType = sourcecode.swift; path = AlbertsonProjectApp.swift; sourceTree = "<group>"; };
		52F4A72E298332FA003E51F0 /* ContentView.swift */ = {isa = PBXFileReference; lastKnownFileType = sourcecode.swift; path = ContentView.swift; sourceTree = "<group>"; };
		52F4A730298332FD003E51F0 /* Assets.xcassets */ = {isa = PBXFileReference; lastKnownFileType = folder.assetcatalog; path = Assets.xcassets; sourceTree = "<group>"; };
		52F4A733298332FD003E51F0 /* Preview Assets.xcassets */ = {isa = PBXFileReference; lastKnownFileType = folder.assetcatalog; path = "Preview Assets.xcassets"; sourceTree = "<group>"; };
		52F4A73A2983334C003E51F0 /* AlbertsonViewModel.swift */ = {isa = PBXFileReference; lastKnownFileType = sourcecode.swift; path = AlbertsonViewModel.swift; sourceTree = "<group>"; };
		52F4A73C29833367003E51F0 /* AlbertsonsModel.swift */ = {isa = PBXFileReference; lastKnownFileType = sourcecode.swift; path = AlbertsonsModel.swift; sourceTree = "<group>"; };
		52F4A73E29833384003E51F0 /* NetworkLayer.swift */ = {isa = PBXFileReference; lastKnownFileType = sourcecode.swift; path = NetworkLayer.swift; sourceTree = "<group>"; };
		52F4A740298333A8003E51F0 /* Constants.swift */ = {isa = PBXFileReference; lastKnownFileType = sourcecode.swift; path = Constants.swift; sourceTree = "<group>"; };
		52F4A746298333C7003E51F0 /* AlbertsonProjectTests.xctest */ = {isa = PBXFileReference; explicitFileType = wrapper.cfbundle; includeInIndex = 0; path = AlbertsonProjectTests.xctest; sourceTree = BUILT_PRODUCTS_DIR; };
		52F4A748298333C7003E51F0 /* AlbertsonProjectTests.swift */ = {isa = PBXFileReference; lastKnownFileType = sourcecode.swift; path = AlbertsonProjectTests.swift; sourceTree = "<group>"; };
		52F4A74F298333E4003E51F0 /* AlbertsonsViewModelTest.swift */ = {isa = PBXFileReference; lastKnownFileType = sourcecode.swift; path = AlbertsonsViewModelTest.swift; sourceTree = "<group>"; };
		52F4A7512983340B003E51F0 /* MockNetworkLayer.swift */ = {isa = PBXFileReference; lastKnownFileType = sourcecode.swift; path = MockNetworkLayer.swift; sourceTree = "<group>"; };
		52F4A75329833440003E51F0 /* MockSession.swift */ = {isa = PBXFileReference; lastKnownFileType = sourcecode.swift; path = MockSession.swift; sourceTree = "<group>"; };
		52F4A7552983345F003E51F0 /* NetworkLayerTests.swift */ = {isa = PBXFileReference; lastKnownFileType = sourcecode.swift; path = NetworkLayerTests.swift; sourceTree = "<group>"; };
/* End PBXFileReference section */

/* Begin PBXFrameworksBuildPhase section */
		52F4A726298332FA003E51F0 /* Frameworks */ = {
			isa = PBXFrameworksBuildPhase;
			buildActionMask = 2147483647;
			files = (
			);
			runOnlyForDeploymentPostprocessing = 0;
		};
		52F4A743298333C7003E51F0 /* Frameworks */ = {
			isa = PBXFrameworksBuildPhase;
			buildActionMask = 2147483647;
			files = (
			);
			runOnlyForDeploymentPostprocessing = 0;
		};
/* End PBXFrameworksBuildPhase section */

/* Begin PBXGroup section */
		52B5AF882983392E00989B46 /* Views */ = {
			isa = PBXGroup;
			children = (
				52F4A72E298332FA003E51F0 /* ContentView.swift */,
			);
			path = Views;
			sourceTree = "<group>";
		};
		52B5AF892983393B00989B46 /* ViewModels */ = {
			isa = PBXGroup;
			children = (
				52F4A73A2983334C003E51F0 /* AlbertsonViewModel.swift */,
			);
			path = ViewModels;
			sourceTree = "<group>";
		};
		52B5AF8A2983394800989B46 /* Models */ = {
			isa = PBXGroup;
			children = (
				52F4A73C29833367003E51F0 /* AlbertsonsModel.swift */,
			);
			path = Models;
			sourceTree = "<group>";
		};
		52B5AF8B2983397D00989B46 /* Mocks */ = {
			isa = PBXGroup;
			children = (
				52F4A75329833440003E51F0 /* MockSession.swift */,
				52F4A7512983340B003E51F0 /* MockNetworkLayer.swift */,
			);
			path = Mocks;
			sourceTree = "<group>";
		};
		52B5AF8C2983398D00989B46 /* ViewModelTest */ = {
			isa = PBXGroup;
			children = (
				52F4A74F298333E4003E51F0 /* AlbertsonsViewModelTest.swift */,
			);
			path = ViewModelTest;
			sourceTree = "<group>";
		};
		52F4A720298332FA003E51F0 = {
			isa = PBXGroup;
			children = (
				52F4A72B298332FA003E51F0 /* AlbertsonProject */,
				52F4A747298333C7003E51F0 /* AlbertsonProjectTests */,
				52F4A72A298332FA003E51F0 /* Products */,
			);
			sourceTree = "<group>";
		};
		52F4A72A298332FA003E51F0 /* Products */ = {
			isa = PBXGroup;
			children = (
				52F4A729298332FA003E51F0 /* AlbertsonProject.app */,
				52F4A746298333C7003E51F0 /* AlbertsonProjectTests.xctest */,
			);
			name = Products;
			sourceTree = "<group>";
		};
		52F4A72B298332FA003E51F0 /* AlbertsonProject */ = {
			isa = PBXGroup;
			children = (
				52B5AF8A2983394800989B46 /* Models */,
				52B5AF892983393B00989B46 /* ViewModels */,
				52B5AF882983392E00989B46 /* Views */,
				52F4A72C298332FA003E51F0 /* AlbertsonProjectApp.swift */,
				52F4A730298332FD003E51F0 /* Assets.xcassets */,
				52F4A732298332FD003E51F0 /* Preview Content */,
				52F4A73E29833384003E51F0 /* NetworkLayer.swift */,
				52F4A740298333A8003E51F0 /* Constants.swift */,
			);
			path = AlbertsonProject;
			sourceTree = "<group>";
		};
		52F4A732298332FD003E51F0 /* Preview Content */ = {
			isa = PBXGroup;
			children = (
				52F4A733298332FD003E51F0 /* Preview Assets.xcassets */,
			);
			path = "Preview Content";
			sourceTree = "<group>";
		};
		52F4A747298333C7003E51F0 /* AlbertsonProjectTests */ = {
			isa = PBXGroup;
			children = (
				52B5AF8C2983398D00989B46 /* ViewModelTest */,
				52B5AF8B2983397D00989B46 /* Mocks */,
				52F4A748298333C7003E51F0 /* AlbertsonProjectTests.swift */,
				52F4A7552983345F003E51F0 /* NetworkLayerTests.swift */,
			);
			path = AlbertsonProjectTests;
			sourceTree = "<group>";
		};
/* End PBXGroup section */

/* Begin PBXNativeTarget section */
		52F4A728298332FA003E51F0 /* AlbertsonProject */ = {
			isa = PBXNativeTarget;
			buildConfigurationList = 52F4A737298332FD003E51F0 /* Build configuration list for PBXNativeTarget "AlbertsonProject" */;
			buildPhases = (
				52F4A725298332FA003E51F0 /* Sources */,
				52F4A726298332FA003E51F0 /* Frameworks */,
				52F4A727298332FA003E51F0 /* Resources */,
			);
			buildRules = (
			);
			dependencies = (
			);
			name = AlbertsonProject;
			productName = AlbertsonProject;
			productReference = 52F4A729298332FA003E51F0 /* AlbertsonProject.app */;
			productType = "com.apple.product-type.application";
		};
		52F4A745298333C7003E51F0 /* AlbertsonProjectTests */ = {
			isa = PBXNativeTarget;
			buildConfigurationList = 52F4A74C298333C7003E51F0 /* Build configuration list for PBXNativeTarget "AlbertsonProjectTests" */;
			buildPhases = (
				52F4A742298333C7003E51F0 /* Sources */,
				52F4A743298333C7003E51F0 /* Frameworks */,
				52F4A744298333C7003E51F0 /* Resources */,
			);
			buildRules = (
			);
			dependencies = (
				52F4A74B298333C7003E51F0 /* PBXTargetDependency */,
			);
			name = AlbertsonProjectTests;
			productName = AlbertsonProjectTests;
			productReference = 52F4A746298333C7003E51F0 /* AlbertsonProjectTests.xctest */;
			productType = "com.apple.product-type.bundle.unit-test";
		};
/* End PBXNativeTarget section */

/* Begin PBXProject section */
		52F4A721298332FA003E51F0 /* Project object */ = {
			isa = PBXProject;
			attributes = {
				BuildIndependentTargetsInParallel = 1;
				LastSwiftUpdateCheck = 1320;
				LastUpgradeCheck = 1320;
				TargetAttributes = {
					52F4A728298332FA003E51F0 = {
						CreatedOnToolsVersion = 13.2.1;
					};
					52F4A745298333C7003E51F0 = {
						CreatedOnToolsVersion = 13.2.1;
						TestTargetID = 52F4A728298332FA003E51F0;
					};
				};
			};
			buildConfigurationList = 52F4A724298332FA003E51F0 /* Build configuration list for PBXProject "AlbertsonProject" */;
			compatibilityVersion = "Xcode 13.0";
			developmentRegion = en;
			hasScannedForEncodings = 0;
			knownRegions = (
				en,
				Base,
			);
			mainGroup = 52F4A720298332FA003E51F0;
			productRefGroup = 52F4A72A298332FA003E51F0 /* Products */;
			projectDirPath = "";
			projectRoot = "";
			targets = (
				52F4A728298332FA003E51F0 /* AlbertsonProject */,
				52F4A745298333C7003E51F0 /* AlbertsonProjectTests */,
			);
		};
/* End PBXProject section */

/* Begin PBXResourcesBuildPhase section */
		52F4A727298332FA003E51F0 /* Resources */ = {
			isa = PBXResourcesBuildPhase;
			buildActionMask = 2147483647;
			files = (
				52F4A734298332FD003E51F0 /* Preview Assets.xcassets in Resources */,
				52F4A731298332FD003E51F0 /* Assets.xcassets in Resources */,
			);
			runOnlyForDeploymentPostprocessing = 0;
		};
		52F4A744298333C7003E51F0 /* Resources */ = {
			isa = PBXResourcesBuildPhase;
			buildActionMask = 2147483647;
			files = (
			);
			runOnlyForDeploymentPostprocessing = 0;
		};
/* End PBXResourcesBuildPhase section */

/* Begin PBXSourcesBuildPhase section */
		52F4A725298332FA003E51F0 /* Sources */ = {
			isa = PBXSourcesBuildPhase;
			buildActionMask = 2147483647;
			files = (
				52F4A72F298332FA003E51F0 /* ContentView.swift in Sources */,
				52F4A73B2983334C003E51F0 /* AlbertsonViewModel.swift in Sources */,
				52F4A73D29833367003E51F0 /* AlbertsonsModel.swift in Sources */,
				52F4A73F29833384003E51F0 /* NetworkLayer.swift in Sources */,
				52F4A72D298332FA003E51F0 /* AlbertsonProjectApp.swift in Sources */,
				52F4A741298333A8003E51F0 /* Constants.swift in Sources */,
			);
			runOnlyForDeploymentPostprocessing = 0;
		};
		52F4A742298333C7003E51F0 /* Sources */ = {
			isa = PBXSourcesBuildPhase;
			buildActionMask = 2147483647;
			files = (
				52F4A749298333C7003E51F0 /* AlbertsonProjectTests.swift in Sources */,
				52F4A750298333E4003E51F0 /* AlbertsonsViewModelTest.swift in Sources */,
				52F4A7562983345F003E51F0 /* NetworkLayerTests.swift in Sources */,
				52F4A75429833440003E51F0 /* MockSession.swift in Sources */,
				52F4A7522983340B003E51F0 /* MockNetworkLayer.swift in Sources */,
			);
			runOnlyForDeploymentPostprocessing = 0;
		};
/* End PBXSourcesBuildPhase section */

/* Begin PBXTargetDependency section */
		52F4A74B298333C7003E51F0 /* PBXTargetDependency */ = {
			isa = PBXTargetDependency;
			target = 52F4A728298332FA003E51F0 /* AlbertsonProject */;
			targetProxy = 52F4A74A298333C7003E51F0 /* PBXContainerItemProxy */;
		};
/* End PBXTargetDependency section */

/* Begin XCBuildConfiguration section */
		52F4A735298332FD003E51F0 /* Debug */ = {
			isa = XCBuildConfiguration;
			buildSettings = {
				ALWAYS_SEARCH_USER_PATHS = NO;
				CLANG_ANALYZER_NONNULL = YES;
				CLANG_ANALYZER_NUMBER_OBJECT_CONVERSION = YES_AGGRESSIVE;
				CLANG_CXX_LANGUAGE_STANDARD = "gnu++17";
				CLANG_CXX_LIBRARY = "libc++";
				CLANG_ENABLE_MODULES = YES;
				CLANG_ENABLE_OBJC_ARC = YES;
				CLANG_ENABLE_OBJC_WEAK = YES;
				CLANG_WARN_BLOCK_CAPTURE_AUTORELEASING = YES;
				CLANG_WARN_BOOL_CONVERSION = YES;
				CLANG_WARN_COMMA = YES;
				CLANG_WARN_CONSTANT_CONVERSION = YES;
				CLANG_WARN_DEPRECATED_OBJC_IMPLEMENTATIONS = YES;
				CLANG_WARN_DIRECT_OBJC_ISA_USAGE = YES_ERROR;
				CLANG_WARN_DOCUMENTATION_COMMENTS = YES;
				CLANG_WARN_EMPTY_BODY = YES;
				CLANG_WARN_ENUM_CONVERSION = YES;
				CLANG_WARN_INFINITE_RECURSION = YES;
				CLANG_WARN_INT_CONVERSION = YES;
				CLANG_WARN_NON_LITERAL_NULL_CONVERSION = YES;
				CLANG_WARN_OBJC_IMPLICIT_RETAIN_SELF = YES;
				CLANG_WARN_OBJC_LITERAL_CONVERSION = YES;
				CLANG_WARN_OBJC_ROOT_CLASS = YES_ERROR;
				CLANG_WARN_QUOTED_INCLUDE_IN_FRAMEWORK_HEADER = YES;
				CLANG_WARN_RANGE_LOOP_ANALYSIS = YES;
				CLANG_WARN_STRICT_PROTOTYPES = YES;
				CLANG_WARN_SUSPICIOUS_MOVE = YES;
				CLANG_WARN_UNGUARDED_AVAILABILITY = YES_AGGRESSIVE;
				CLANG_WARN_UNREACHABLE_CODE = YES;
				CLANG_WARN__DUPLICATE_METHOD_MATCH = YES;
				COPY_PHASE_STRIP = NO;
				DEBUG_INFORMATION_FORMAT = dwarf;
				ENABLE_STRICT_OBJC_MSGSEND = YES;
				ENABLE_TESTABILITY = YES;
				GCC_C_LANGUAGE_STANDARD = gnu11;
				GCC_DYNAMIC_NO_PIC = NO;
				GCC_NO_COMMON_BLOCKS = YES;
				GCC_OPTIMIZATION_LEVEL = 0;
				GCC_PREPROCESSOR_DEFINITIONS = (
					"DEBUG=1",
					"$(inherited)",
				);
				GCC_WARN_64_TO_32_BIT_CONVERSION = YES;
				GCC_WARN_ABOUT_RETURN_TYPE = YES_ERROR;
				GCC_WARN_UNDECLARED_SELECTOR = YES;
				GCC_WARN_UNINITIALIZED_AUTOS = YES_AGGRESSIVE;
				GCC_WARN_UNUSED_FUNCTION = YES;
				GCC_WARN_UNUSED_VARIABLE = YES;
				IPHONEOS_DEPLOYMENT_TARGET = 15.2;
				MTL_ENABLE_DEBUG_INFO = INCLUDE_SOURCE;
				MTL_FAST_MATH = YES;
				ONLY_ACTIVE_ARCH = YES;
				SDKROOT = iphoneos;
				SWIFT_ACTIVE_COMPILATION_CONDITIONS = DEBUG;
				SWIFT_OPTIMIZATION_LEVEL = "-Onone";
			};
			name = Debug;
		};
		52F4A736298332FD003E51F0 /* Release */ = {
			isa = XCBuildConfiguration;
			buildSettings = {
				ALWAYS_SEARCH_USER_PATHS = NO;
				CLANG_ANALYZER_NONNULL = YES;
				CLANG_ANALYZER_NUMBER_OBJECT_CONVERSION = YES_AGGRESSIVE;
				CLANG_CXX_LANGUAGE_STANDARD = "gnu++17";
				CLANG_CXX_LIBRARY = "libc++";
				CLANG_ENABLE_MODULES = YES;
				CLANG_ENABLE_OBJC_ARC = YES;
				CLANG_ENABLE_OBJC_WEAK = YES;
				CLANG_WARN_BLOCK_CAPTURE_AUTORELEASING = YES;
				CLANG_WARN_BOOL_CONVERSION = YES;
				CLANG_WARN_COMMA = YES;
				CLANG_WARN_CONSTANT_CONVERSION = YES;
				CLANG_WARN_DEPRECATED_OBJC_IMPLEMENTATIONS = YES;
				CLANG_WARN_DIRECT_OBJC_ISA_USAGE = YES_ERROR;
				CLANG_WARN_DOCUMENTATION_COMMENTS = YES;
				CLANG_WARN_EMPTY_BODY = YES;
				CLANG_WARN_ENUM_CONVERSION = YES;
				CLANG_WARN_INFINITE_RECURSION = YES;
				CLANG_WARN_INT_CONVERSION = YES;
				CLANG_WARN_NON_LITERAL_NULL_CONVERSION = YES;
				CLANG_WARN_OBJC_IMPLICIT_RETAIN_SELF = YES;
				CLANG_WARN_OBJC_LITERAL_CONVERSION = YES;
				CLANG_WARN_OBJC_ROOT_CLASS = YES_ERROR;
				CLANG_WARN_QUOTED_INCLUDE_IN_FRAMEWORK_HEADER = YES;
				CLANG_WARN_RANGE_LOOP_ANALYSIS = YES;
				CLANG_WARN_STRICT_PROTOTYPES = YES;
				CLANG_WARN_SUSPICIOUS_MOVE = YES;
				CLANG_WARN_UNGUARDED_AVAILABILITY = YES_AGGRESSIVE;
				CLANG_WARN_UNREACHABLE_CODE = YES;
				CLANG_WARN__DUPLICATE_METHOD_MATCH = YES;
				COPY_PHASE_STRIP = NO;
				DEBUG_INFORMATION_FORMAT = "dwarf-with-dsym";
				ENABLE_NS_ASSERTIONS = NO;
				ENABLE_STRICT_OBJC_MSGSEND = YES;
				GCC_C_LANGUAGE_STANDARD = gnu11;
				GCC_NO_COMMON_BLOCKS = YES;
				GCC_WARN_64_TO_32_BIT_CONVERSION = YES;
				GCC_WARN_ABOUT_RETURN_TYPE = YES_ERROR;
				GCC_WARN_UNDECLARED_SELECTOR = YES;
				GCC_WARN_UNINITIALIZED_AUTOS = YES_AGGRESSIVE;
				GCC_WARN_UNUSED_FUNCTION = YES;
				GCC_WARN_UNUSED_VARIABLE = YES;
				IPHONEOS_DEPLOYMENT_TARGET = 15.2;
				MTL_ENABLE_DEBUG_INFO = NO;
				MTL_FAST_MATH = YES;
				SDKROOT = iphoneos;
				SWIFT_COMPILATION_MODE = wholemodule;
				SWIFT_OPTIMIZATION_LEVEL = "-O";
				VALIDATE_PRODUCT = YES;
			};
			name = Release;
		};
		52F4A738298332FD003E51F0 /* Debug */ = {
			isa = XCBuildConfiguration;
			buildSettings = {
				ASSETCATALOG_COMPILER_APPICON_NAME = AppIcon;
				ASSETCATALOG_COMPILER_GLOBAL_ACCENT_COLOR_NAME = AccentColor;
				CODE_SIGN_STYLE = Automatic;
				CURRENT_PROJECT_VERSION = 1;
				DEVELOPMENT_ASSET_PATHS = "\"AlbertsonProject/Preview Content\"";
				ENABLE_PREVIEWS = YES;
				GENERATE_INFOPLIST_FILE = YES;
				INFOPLIST_KEY_UIApplicationSceneManifest_Generation = YES;
				INFOPLIST_KEY_UIApplicationSupportsIndirectInputEvents = YES;
				INFOPLIST_KEY_UILaunchScreen_Generation = YES;
				INFOPLIST_KEY_UISupportedInterfaceOrientations_iPad = "UIInterfaceOrientationPortrait UIInterfaceOrientationPortraitUpsideDown UIInterfaceOrientationLandscapeLeft UIInterfaceOrientationLandscapeRight";
				INFOPLIST_KEY_UISupportedInterfaceOrientations_iPhone = "UIInterfaceOrientationPortrait UIInterfaceOrientationLandscapeLeft UIInterfaceOrientationLandscapeRight";
				LD_RUNPATH_SEARCH_PATHS = (
					"$(inherited)",
					"@executable_path/Frameworks",
				);
				MARKETING_VERSION = 1.0;
				PRODUCT_BUNDLE_IDENTIFIER = kingsleyenoka.AlbertsonProject;
				PRODUCT_NAME = "$(TARGET_NAME)";
				SWIFT_EMIT_LOC_STRINGS = YES;
				SWIFT_VERSION = 5.0;
				TARGETED_DEVICE_FAMILY = "1,2";
			};
			name = Debug;
		};
		52F4A739298332FD003E51F0 /* Release */ = {
			isa = XCBuildConfiguration;
			buildSettings = {
				ASSETCATALOG_COMPILER_APPICON_NAME = AppIcon;
				ASSETCATALOG_COMPILER_GLOBAL_ACCENT_COLOR_NAME = AccentColor;
				CODE_SIGN_STYLE = Automatic;
				CURRENT_PROJECT_VERSION = 1;
				DEVELOPMENT_ASSET_PATHS = "\"AlbertsonProject/Preview Content\"";
				ENABLE_PREVIEWS = YES;
				GENERATE_INFOPLIST_FILE = YES;
				INFOPLIST_KEY_UIApplicationSceneManifest_Generation = YES;
				INFOPLIST_KEY_UIApplicationSupportsIndirectInputEvents = YES;
				INFOPLIST_KEY_UILaunchScreen_Generation = YES;
				INFOPLIST_KEY_UISupportedInterfaceOrientations_iPad = "UIInterfaceOrientationPortrait UIInterfaceOrientationPortraitUpsideDown UIInterfaceOrientationLandscapeLeft UIInterfaceOrientationLandscapeRight";
				INFOPLIST_KEY_UISupportedInterfaceOrientations_iPhone = "UIInterfaceOrientationPortrait UIInterfaceOrientationLandscapeLeft UIInterfaceOrientationLandscapeRight";
				LD_RUNPATH_SEARCH_PATHS = (
					"$(inherited)",
					"@executable_path/Frameworks",
				);
				MARKETING_VERSION = 1.0;
				PRODUCT_BUNDLE_IDENTIFIER = kingsleyenoka.AlbertsonProject;
				PRODUCT_NAME = "$(TARGET_NAME)";
				SWIFT_EMIT_LOC_STRINGS = YES;
				SWIFT_VERSION = 5.0;
				TARGETED_DEVICE_FAMILY = "1,2";
			};
			name = Release;
		};
		52F4A74D298333C7003E51F0 /* Debug */ = {
			isa = XCBuildConfiguration;
			buildSettings = {
				BUNDLE_LOADER = "$(TEST_HOST)";
				CODE_SIGN_STYLE = Automatic;
				CURRENT_PROJECT_VERSION = 1;
				GENERATE_INFOPLIST_FILE = YES;
				MARKETING_VERSION = 1.0;
				PRODUCT_BUNDLE_IDENTIFIER = kingsleyenoka.AlbertsonProjectTests;
				PRODUCT_NAME = "$(TARGET_NAME)";
				SWIFT_EMIT_LOC_STRINGS = NO;
				SWIFT_VERSION = 5.0;
				TARGETED_DEVICE_FAMILY = "1,2";
				TEST_HOST = "$(BUILT_PRODUCTS_DIR)/AlbertsonProject.app/AlbertsonProject";
			};
			name = Debug;
		};
		52F4A74E298333C7003E51F0 /* Release */ = {
			isa = XCBuildConfiguration;
			buildSettings = {
				BUNDLE_LOADER = "$(TEST_HOST)";
				CODE_SIGN_STYLE = Automatic;
				CURRENT_PROJECT_VERSION = 1;
				GENERATE_INFOPLIST_FILE = YES;
				MARKETING_VERSION = 1.0;
				PRODUCT_BUNDLE_IDENTIFIER = kingsleyenoka.AlbertsonProjectTests;
				PRODUCT_NAME = "$(TARGET_NAME)";
				SWIFT_EMIT_LOC_STRINGS = NO;
				SWIFT_VERSION = 5.0;
				TARGETED_DEVICE_FAMILY = "1,2";
				TEST_HOST = "$(BUILT_PRODUCTS_DIR)/AlbertsonProject.app/AlbertsonProject";
			};
			name = Release;
		};
/* End XCBuildConfiguration section */

/* Begin XCConfigurationList section */
		52F4A724298332FA003E51F0 /* Build configuration list for PBXProject "AlbertsonProject" */ = {
			isa = XCConfigurationList;
			buildConfigurations = (
				52F4A735298332FD003E51F0 /* Debug */,
				52F4A736298332FD003E51F0 /* Release */,
			);
			defaultConfigurationIsVisible = 0;
			defaultConfigurationName = Release;
		};
		52F4A737298332FD003E51F0 /* Build configuration list for PBXNativeTarget "AlbertsonProject" */ = {
			isa = XCConfigurationList;
			buildConfigurations = (
				52F4A738298332FD003E51F0 /* Debug */,
				52F4A739298332FD003E51F0 /* Release */,
			);
			defaultConfigurationIsVisible = 0;
			defaultConfigurationName = Release;
		};
		52F4A74C298333C7003E51F0 /* Build configuration list for PBXNativeTarget "AlbertsonProjectTests" */ = {
			isa = XCConfigurationList;
			buildConfigurations = (
				52F4A74D298333C7003E51F0 /* Debug */,
				52F4A74E298333C7003E51F0 /* Release */,
			);
			defaultConfigurationIsVisible = 0;
			defaultConfigurationName = Release;
		};
/* End XCConfigurationList section */
	};
	rootObject = 52F4A721298332FA003E51F0 /* Project object */;
}
